{
    "_readme": [
        "This file locks the dependencies of your project to a known state",
        "Read more about it at https://getcomposer.org/doc/01-basic-usage.md#installing-dependencies",
        "This file is @generated automatically"
    ],
    "content-hash": "38a2ff5fafe2c993d670ffccddf2de1b",
    "packages": [
        {
            "name": "advanced-custom-fields/advanced-custom-fields-pro",
            "version": "5.9.5",
            "dist": {
                "type": "zip",
                "url": "https://connect.advancedcustomfields.com/v2/plugins/download?p=pro&t=5.9.5"
            },
            "require": {
                "composer/installers": "~1.0",
                "pivvenit/acf-pro-installer": "^2.4.0 || ^3.0"
            },
            "type": "wordpress-plugin",
            "license": [
                "GPL-2.0-or-later"
            ],
            "authors": [
                {
                    "name": "Elliot Condon",
                    "homepage": "http://www.elliotcondon.com",
                    "role": "Maintainer"
                },
                {
                    "name": "PivvenIT",
                    "homepage": "https://pivvenit.nl",
                    "role": "Composer Repository maintainer"
                }
            ],
            "description": "Advanced Custom Fields PRO",
            "homepage": "https://www.advancedcustomfields.com/",
            "support": {
                "docs": "https://www.advancedcustomfields.com/resources/",
                "forum": "https://support.advancedcustomfields.com/topics/"
            }
        },
        {
            "name": "bostondv/acf-ninja-forms",
            "version": "1.0.4",
            "source": {
                "type": "git",
                "url": "https://github.com/bostondv/acf-ninja-forms.git",
                "reference": "7834c5f9bff84698f5f4d0d592fbeedca7a60035"
            },
            "dist": {
                "type": "zip",
                "url": "https://api.github.com/repos/bostondv/acf-ninja-forms/zipball/7834c5f9bff84698f5f4d0d592fbeedca7a60035",
                "reference": "7834c5f9bff84698f5f4d0d592fbeedca7a60035",
                "shasum": ""
            },
            "require": {
                "composer/installers": "~1.0",
                "php": ">=5.4.0"
            },
            "type": "wordpress-plugin",
            "notification-url": "https://packagist.org/downloads/",
            "license": [
                "MIT"
            ],
            "authors": [
                {
                    "name": "Boston Dell-Vandenberg",
                    "email": "hello@bostondv.com",
                    "homepage": "http://www.bostondv.com"
                }
            ],
            "description": "Adds an Advanced Custom Fields field to select one or many Ninja Forms.",
            "homepage": "https://github.com/bostondv/acf-ninja-forms",
            "keywords": [
                "Forms",
                "acf",
                "advanced custom fields",
                "css",
                "ninja forms",
                "wordpress"
            ],
            "support": {
                "issues": "https://github.com/bostondv/acf-ninja-forms/issues/",
                "source": "https://github.com/bostondv/acf-ninja-forms/tree/master"
            },
            "time": "2018-04-14T16:36:42+00:00"
        },
        {
            "name": "composer/installers",
            "version": "v1.10.0",
            "source": {
                "type": "git",
                "url": "https://github.com/composer/installers.git",
                "reference": "1a0357fccad9d1cc1ea0c9a05b8847fbccccb78d"
            },
            "dist": {
                "type": "zip",
                "url": "https://api.github.com/repos/composer/installers/zipball/1a0357fccad9d1cc1ea0c9a05b8847fbccccb78d",
                "reference": "1a0357fccad9d1cc1ea0c9a05b8847fbccccb78d",
                "shasum": ""
            },
            "require": {
                "composer-plugin-api": "^1.0 || ^2.0"
            },
            "replace": {
                "roundcube/plugin-installer": "*",
                "shama/baton": "*"
            },
            "require-dev": {
                "composer/composer": "1.6.* || ^2.0",
                "composer/semver": "^1 || ^3",
                "phpstan/phpstan": "^0.12.55",
                "phpstan/phpstan-phpunit": "^0.12.16",
                "symfony/phpunit-bridge": "^4.2 || ^5",
                "symfony/process": "^2.3"
            },
            "type": "composer-plugin",
            "extra": {
                "class": "Composer\\Installers\\Plugin",
                "branch-alias": {
                    "dev-main": "1.x-dev"
                }
            },
            "autoload": {
                "psr-4": {
                    "Composer\\Installers\\": "src/Composer/Installers"
                }
            },
            "notification-url": "https://packagist.org/downloads/",
            "license": [
                "MIT"
            ],
            "authors": [
                {
                    "name": "Kyle Robinson Young",
                    "email": "kyle@dontkry.com",
                    "homepage": "https://github.com/shama"
                }
            ],
            "description": "A multi-framework Composer library installer",
            "homepage": "https://composer.github.io/installers/",
            "keywords": [
                "Craft",
                "Dolibarr",
                "Eliasis",
                "Hurad",
                "ImageCMS",
                "Kanboard",
                "Lan Management System",
                "MODX Evo",
                "MantisBT",
                "Mautic",
                "Maya",
                "OXID",
                "Plentymarkets",
                "Porto",
                "RadPHP",
                "SMF",
                "Starbug",
                "Thelia",
                "Whmcs",
                "WolfCMS",
                "agl",
                "aimeos",
                "annotatecms",
                "attogram",
                "bitrix",
                "cakephp",
                "chef",
                "cockpit",
                "codeigniter",
                "concrete5",
                "croogo",
                "dokuwiki",
                "drupal",
                "eZ Platform",
                "elgg",
                "expressionengine",
                "fuelphp",
                "grav",
                "installer",
                "itop",
                "joomla",
                "known",
                "kohana",
                "laravel",
                "lavalite",
                "lithium",
                "magento",
                "majima",
                "mako",
                "mediawiki",
                "modulework",
                "modx",
                "moodle",
                "osclass",
                "phpbb",
                "piwik",
                "ppi",
                "processwire",
                "puppet",
                "pxcms",
                "reindex",
                "roundcube",
                "shopware",
                "silverstripe",
                "sydes",
                "sylius",
                "symfony",
                "typo3",
                "wordpress",
                "yawik",
                "zend",
                "zikula"
            ],
            "support": {
                "issues": "https://github.com/composer/installers/issues",
                "source": "https://github.com/composer/installers/tree/v1.10.0"
            },
            "funding": [
                {
                    "url": "https://packagist.com",
                    "type": "custom"
                },
                {
                    "url": "https://github.com/composer",
                    "type": "github"
                },
                {
                    "url": "https://tidelift.com/funding/github/packagist/composer/composer",
                    "type": "tidelift"
                }
            ],
            "time": "2021-01-14T11:07:16+00:00"
        },
        {
            "name": "nesbot/carbon",
            "version": "2.46.0",
            "source": {
                "type": "git",
                "url": "https://github.com/briannesbitt/Carbon.git",
                "reference": "2fd2c4a77d58a4e95234c8a61c5df1f157a91bf4"
            },
            "dist": {
                "type": "zip",
                "url": "https://api.github.com/repos/briannesbitt/Carbon/zipball/2fd2c4a77d58a4e95234c8a61c5df1f157a91bf4",
                "reference": "2fd2c4a77d58a4e95234c8a61c5df1f157a91bf4",
                "shasum": ""
            },
            "require": {
                "ext-json": "*",
                "php": "^7.1.8 || ^8.0",
                "symfony/polyfill-mbstring": "^1.0",
                "symfony/translation": "^3.4 || ^4.0 || ^5.0"
            },
            "require-dev": {
                "doctrine/orm": "^2.7",
                "friendsofphp/php-cs-fixer": "^2.14 || ^3.0",
                "kylekatarnls/multi-tester": "^2.0",
                "phpmd/phpmd": "^2.9",
                "phpstan/extension-installer": "^1.0",
                "phpstan/phpstan": "^0.12.54",
                "phpunit/phpunit": "^7.5.20 || ^8.5.14",
                "squizlabs/php_codesniffer": "^3.4"
            },
            "bin": [
                "bin/carbon"
            ],
            "type": "library",
            "extra": {
                "branch-alias": {
                    "dev-master": "2.x-dev",
                    "dev-3.x": "3.x-dev"
                },
                "laravel": {
                    "providers": [
                        "Carbon\\Laravel\\ServiceProvider"
                    ]
                },
                "phpstan": {
                    "includes": [
                        "extension.neon"
                    ]
                }
            },
            "autoload": {
                "psr-4": {
                    "Carbon\\": "src/Carbon/"
                }
            },
            "notification-url": "https://packagist.org/downloads/",
            "license": [
                "MIT"
            ],
            "authors": [
                {
                    "name": "Brian Nesbitt",
                    "email": "brian@nesbot.com",
                    "homepage": "http://nesbot.com"
                },
                {
                    "name": "kylekatarnls",
                    "homepage": "http://github.com/kylekatarnls"
                }
            ],
            "description": "An API extension for DateTime that supports 281 different languages.",
            "homepage": "http://carbon.nesbot.com",
            "keywords": [
                "date",
                "datetime",
                "time"
            ],
            "support": {
                "issues": "https://github.com/briannesbitt/Carbon/issues",
                "source": "https://github.com/briannesbitt/Carbon"
            },
            "funding": [
                {
                    "url": "https://opencollective.com/Carbon",
                    "type": "open_collective"
                },
                {
                    "url": "https://tidelift.com/funding/github/packagist/nesbot/carbon",
                    "type": "tidelift"
                }
            ],
            "time": "2021-02-24T17:30:44+00:00"
        },
        {
            "name": "phpoption/phpoption",
            "version": "1.7.5",
            "source": {
                "type": "git",
                "url": "https://github.com/schmittjoh/php-option.git",
                "reference": "994ecccd8f3283ecf5ac33254543eb0ac946d525"
            },
            "dist": {
                "type": "zip",
                "url": "https://api.github.com/repos/schmittjoh/php-option/zipball/994ecccd8f3283ecf5ac33254543eb0ac946d525",
                "reference": "994ecccd8f3283ecf5ac33254543eb0ac946d525",
                "shasum": ""
            },
            "require": {
                "php": "^5.5.9 || ^7.0 || ^8.0"
            },
            "require-dev": {
                "bamarni/composer-bin-plugin": "^1.4.1",
                "phpunit/phpunit": "^4.8.35 || ^5.7.27 || ^6.5.6 || ^7.0 || ^8.0 || ^9.0"
            },
            "type": "library",
            "extra": {
                "branch-alias": {
                    "dev-master": "1.7-dev"
                }
            },
            "autoload": {
                "psr-4": {
                    "PhpOption\\": "src/PhpOption/"
                }
            },
            "notification-url": "https://packagist.org/downloads/",
            "license": [
                "Apache-2.0"
            ],
            "authors": [
                {
                    "name": "Johannes M. Schmitt",
                    "email": "schmittjoh@gmail.com"
                },
                {
                    "name": "Graham Campbell",
                    "email": "graham@alt-three.com"
                }
            ],
            "description": "Option Type for PHP",
            "keywords": [
                "language",
                "option",
                "php",
                "type"
            ],
            "support": {
                "issues": "https://github.com/schmittjoh/php-option/issues",
                "source": "https://github.com/schmittjoh/php-option/tree/1.7.5"
            },
            "funding": [
                {
                    "url": "https://github.com/GrahamCampbell",
                    "type": "github"
                },
                {
                    "url": "https://tidelift.com/funding/github/packagist/phpoption/phpoption",
                    "type": "tidelift"
                }
            ],
            "time": "2020-07-20T17:29:33+00:00"
        },
        {
            "name": "pivvenit/acf-pro-installer",
            "version": "3.0.0",
            "source": {
                "type": "git",
                "url": "https://github.com/pivvenit/acf-pro-installer.git",
                "reference": "abf40927ed6f4596700ca35450d1d16e49426222"
            },
            "dist": {
                "type": "zip",
                "url": "https://api.github.com/repos/pivvenit/acf-pro-installer/zipball/abf40927ed6f4596700ca35450d1d16e49426222",
                "reference": "abf40927ed6f4596700ca35450d1d16e49426222",
                "shasum": ""
            },
            "require": {
                "composer-plugin-api": "^1.1||^2.0",
                "ext-json": "*",
                "php": "^7.3||^8.0",
                "vlucas/phpdotenv": "^3.0 || ^4.0 || ^5.0"
            },
            "replace": {
                "philippbaschke/acf-pro-installer": "1.0.2"
            },
            "require-dev": {
                "composer/composer": "^1.0|| ^2.0",
                "php-parallel-lint/php-parallel-lint": "^1.2.0",
                "phpstan/phpstan": "^0.12.14",
                "phpunit/phpunit": "^9.0",
                "rregeer/phpunit-coverage-check": "^0.3.1",
                "squizlabs/php_codesniffer": "^3.4",
                "symfony/process": "^5.1"
            },
            "type": "composer-plugin",
            "extra": {
                "class": "PivvenIT\\Composer\\Installers\\ACFPro\\ACFProInstallerPlugin",
                "plugin-modifies-downloads": true
            },
            "autoload": {
                "psr-4": {
                    "PivvenIT\\Composer\\Installers\\ACFPro\\": "src"
                }
            },
            "notification-url": "https://packagist.org/downloads/",
            "license": [
                "MIT"
            ],
            "authors": [
                {
                    "name": "PivvenIT",
                    "homepage": "https://pivvenit.nl"
                }
            ],
            "description": "A modern maintained install helper for Advanced Custom Fields PRO",
            "keywords": [
                "acf",
                "composer",
                "env",
                "plugin",
                "pro",
                "wordpress",
                "wp"
            ],
            "support": {
                "issues": "https://github.com/pivvenit/acf-pro-installer/issues",
                "source": "https://github.com/pivvenit/acf-pro-installer/tree/3.0.0"
            },
            "time": "2020-11-21T14:21:09+00:00"
        },
        {
            "name": "symfony/polyfill-ctype",
            "version": "v1.22.1",
            "source": {
                "type": "git",
                "url": "https://github.com/symfony/polyfill-ctype.git",
                "reference": "c6c942b1ac76c82448322025e084cadc56048b4e"
            },
            "dist": {
                "type": "zip",
                "url": "https://api.github.com/repos/symfony/polyfill-ctype/zipball/c6c942b1ac76c82448322025e084cadc56048b4e",
                "reference": "c6c942b1ac76c82448322025e084cadc56048b4e",
                "shasum": ""
            },
            "require": {
                "php": ">=7.1"
            },
            "suggest": {
                "ext-ctype": "For best performance"
            },
            "type": "library",
            "extra": {
                "branch-alias": {
                    "dev-main": "1.22-dev"
                },
                "thanks": {
                    "name": "symfony/polyfill",
                    "url": "https://github.com/symfony/polyfill"
                }
            },
            "autoload": {
                "psr-4": {
                    "Symfony\\Polyfill\\Ctype\\": ""
                },
                "files": [
                    "bootstrap.php"
                ]
            },
            "notification-url": "https://packagist.org/downloads/",
            "license": [
                "MIT"
            ],
            "authors": [
                {
                    "name": "Gert de Pagter",
                    "email": "BackEndTea@gmail.com"
                },
                {
                    "name": "Symfony Community",
                    "homepage": "https://symfony.com/contributors"
                }
            ],
            "description": "Symfony polyfill for ctype functions",
            "homepage": "https://symfony.com",
            "keywords": [
                "compatibility",
                "ctype",
                "polyfill",
                "portable"
            ],
            "support": {
                "source": "https://github.com/symfony/polyfill-ctype/tree/v1.22.1"
            },
            "funding": [
                {
                    "url": "https://symfony.com/sponsor",
                    "type": "custom"
                },
                {
                    "url": "https://github.com/fabpot",
                    "type": "github"
                },
                {
                    "url": "https://tidelift.com/funding/github/packagist/symfony/symfony",
                    "type": "tidelift"
                }
            ],
            "time": "2021-01-07T16:49:33+00:00"
        },
        {
            "name": "symfony/polyfill-mbstring",
            "version": "v1.22.1",
            "source": {
                "type": "git",
                "url": "https://github.com/symfony/polyfill-mbstring.git",
                "reference": "5232de97ee3b75b0360528dae24e73db49566ab1"
            },
            "dist": {
                "type": "zip",
                "url": "https://api.github.com/repos/symfony/polyfill-mbstring/zipball/5232de97ee3b75b0360528dae24e73db49566ab1",
                "reference": "5232de97ee3b75b0360528dae24e73db49566ab1",
                "shasum": ""
            },
            "require": {
                "php": ">=7.1"
            },
            "suggest": {
                "ext-mbstring": "For best performance"
            },
            "type": "library",
            "extra": {
                "branch-alias": {
                    "dev-main": "1.22-dev"
                },
                "thanks": {
                    "name": "symfony/polyfill",
                    "url": "https://github.com/symfony/polyfill"
                }
            },
            "autoload": {
                "psr-4": {
                    "Symfony\\Polyfill\\Mbstring\\": ""
                },
                "files": [
                    "bootstrap.php"
                ]
            },
            "notification-url": "https://packagist.org/downloads/",
            "license": [
                "MIT"
            ],
            "authors": [
                {
                    "name": "Nicolas Grekas",
                    "email": "p@tchwork.com"
                },
                {
                    "name": "Symfony Community",
                    "homepage": "https://symfony.com/contributors"
                }
            ],
            "description": "Symfony polyfill for the Mbstring extension",
            "homepage": "https://symfony.com",
            "keywords": [
                "compatibility",
                "mbstring",
                "polyfill",
                "portable",
                "shim"
            ],
            "support": {
                "source": "https://github.com/symfony/polyfill-mbstring/tree/v1.22.1"
            },
            "funding": [
                {
                    "url": "https://symfony.com/sponsor",
                    "type": "custom"
                },
                {
                    "url": "https://github.com/fabpot",
                    "type": "github"
                },
                {
                    "url": "https://tidelift.com/funding/github/packagist/symfony/symfony",
                    "type": "tidelift"
                }
            ],
            "time": "2021-01-22T09:19:47+00:00"
        },
        {
            "name": "symfony/polyfill-php80",
            "version": "v1.22.1",
            "source": {
                "type": "git",
                "url": "https://github.com/symfony/polyfill-php80.git",
                "reference": "dc3063ba22c2a1fd2f45ed856374d79114998f91"
            },
            "dist": {
                "type": "zip",
                "url": "https://api.github.com/repos/symfony/polyfill-php80/zipball/dc3063ba22c2a1fd2f45ed856374d79114998f91",
                "reference": "dc3063ba22c2a1fd2f45ed856374d79114998f91",
                "shasum": ""
            },
            "require": {
                "php": ">=7.1"
            },
            "type": "library",
            "extra": {
                "branch-alias": {
                    "dev-main": "1.22-dev"
                },
                "thanks": {
                    "name": "symfony/polyfill",
                    "url": "https://github.com/symfony/polyfill"
                }
            },
            "autoload": {
                "psr-4": {
                    "Symfony\\Polyfill\\Php80\\": ""
                },
                "files": [
                    "bootstrap.php"
                ],
                "classmap": [
                    "Resources/stubs"
                ]
            },
            "notification-url": "https://packagist.org/downloads/",
            "license": [
                "MIT"
            ],
            "authors": [
                {
                    "name": "Ion Bazan",
                    "email": "ion.bazan@gmail.com"
                },
                {
                    "name": "Nicolas Grekas",
                    "email": "p@tchwork.com"
                },
                {
                    "name": "Symfony Community",
                    "homepage": "https://symfony.com/contributors"
                }
            ],
            "description": "Symfony polyfill backporting some PHP 8.0+ features to lower PHP versions",
            "homepage": "https://symfony.com",
            "keywords": [
                "compatibility",
                "polyfill",
                "portable",
                "shim"
            ],
            "support": {
                "source": "https://github.com/symfony/polyfill-php80/tree/v1.22.1"
            },
            "funding": [
                {
                    "url": "https://symfony.com/sponsor",
                    "type": "custom"
                },
                {
                    "url": "https://github.com/fabpot",
                    "type": "github"
                },
                {
                    "url": "https://tidelift.com/funding/github/packagist/symfony/symfony",
                    "type": "tidelift"
                }
            ],
            "time": "2021-01-07T16:49:33+00:00"
        },
        {
            "name": "symfony/translation",
            "version": "v5.2.5",
            "source": {
                "type": "git",
                "url": "https://github.com/symfony/translation.git",
                "reference": "0947ab1e3aabd22a6bef393874b2555d2bb976da"
            },
            "dist": {
                "type": "zip",
                "url": "https://api.github.com/repos/symfony/translation/zipball/0947ab1e3aabd22a6bef393874b2555d2bb976da",
                "reference": "0947ab1e3aabd22a6bef393874b2555d2bb976da",
                "shasum": ""
            },
            "require": {
                "php": ">=7.2.5",
                "symfony/polyfill-mbstring": "~1.0",
                "symfony/polyfill-php80": "^1.15",
                "symfony/translation-contracts": "^2.3"
            },
            "conflict": {
                "symfony/config": "<4.4",
                "symfony/dependency-injection": "<5.0",
                "symfony/http-kernel": "<5.0",
                "symfony/twig-bundle": "<5.0",
                "symfony/yaml": "<4.4"
            },
            "provide": {
                "symfony/translation-implementation": "2.3"
            },
            "require-dev": {
                "psr/log": "~1.0",
                "symfony/config": "^4.4|^5.0",
                "symfony/console": "^4.4|^5.0",
                "symfony/dependency-injection": "^5.0",
                "symfony/finder": "^4.4|^5.0",
                "symfony/http-kernel": "^5.0",
                "symfony/intl": "^4.4|^5.0",
                "symfony/service-contracts": "^1.1.2|^2",
                "symfony/yaml": "^4.4|^5.0"
            },
            "suggest": {
                "psr/log-implementation": "To use logging capability in translator",
                "symfony/config": "",
                "symfony/yaml": ""
            },
            "type": "library",
            "autoload": {
                "files": [
                    "Resources/functions.php"
                ],
                "psr-4": {
                    "Symfony\\Component\\Translation\\": ""
                },
                "exclude-from-classmap": [
                    "/Tests/"
                ]
            },
            "notification-url": "https://packagist.org/downloads/",
            "license": [
                "MIT"
            ],
            "authors": [
                {
                    "name": "Fabien Potencier",
                    "email": "fabien@symfony.com"
                },
                {
                    "name": "Symfony Community",
                    "homepage": "https://symfony.com/contributors"
                }
            ],
            "description": "Provides tools to internationalize your application",
            "homepage": "https://symfony.com",
            "support": {
                "source": "https://github.com/symfony/translation/tree/v5.2.5"
            },
            "funding": [
                {
                    "url": "https://symfony.com/sponsor",
                    "type": "custom"
                },
                {
                    "url": "https://github.com/fabpot",
                    "type": "github"
                },
                {
                    "url": "https://tidelift.com/funding/github/packagist/symfony/symfony",
                    "type": "tidelift"
                }
            ],
            "time": "2021-03-06T07:59:01+00:00"
        },
        {
            "name": "symfony/translation-contracts",
            "version": "v2.3.0",
            "source": {
                "type": "git",
                "url": "https://github.com/symfony/translation-contracts.git",
                "reference": "e2eaa60b558f26a4b0354e1bbb25636efaaad105"
            },
            "dist": {
                "type": "zip",
                "url": "https://api.github.com/repos/symfony/translation-contracts/zipball/e2eaa60b558f26a4b0354e1bbb25636efaaad105",
                "reference": "e2eaa60b558f26a4b0354e1bbb25636efaaad105",
                "shasum": ""
            },
            "require": {
                "php": ">=7.2.5"
            },
            "suggest": {
                "symfony/translation-implementation": ""
            },
            "type": "library",
            "extra": {
                "branch-alias": {
                    "dev-master": "2.3-dev"
                },
                "thanks": {
                    "name": "symfony/contracts",
                    "url": "https://github.com/symfony/contracts"
                }
            },
            "autoload": {
                "psr-4": {
                    "Symfony\\Contracts\\Translation\\": ""
                }
            },
            "notification-url": "https://packagist.org/downloads/",
            "license": [
                "MIT"
            ],
            "authors": [
                {
                    "name": "Nicolas Grekas",
                    "email": "p@tchwork.com"
                },
                {
                    "name": "Symfony Community",
                    "homepage": "https://symfony.com/contributors"
                }
            ],
            "description": "Generic abstractions related to translation",
            "homepage": "https://symfony.com",
            "keywords": [
                "abstractions",
                "contracts",
                "decoupling",
                "interfaces",
                "interoperability",
                "standards"
            ],
            "support": {
                "source": "https://github.com/symfony/translation-contracts/tree/v2.3.0"
            },
            "funding": [
                {
                    "url": "https://symfony.com/sponsor",
                    "type": "custom"
                },
                {
                    "url": "https://github.com/fabpot",
                    "type": "github"
                },
                {
                    "url": "https://tidelift.com/funding/github/packagist/symfony/symfony",
                    "type": "tidelift"
                }
            ],
            "time": "2020-09-28T13:05:58+00:00"
        },
        {
            "name": "vlucas/phpdotenv",
            "version": "v4.2.0",
            "source": {
                "type": "git",
                "url": "https://github.com/vlucas/phpdotenv.git",
                "reference": "da64796370fc4eb03cc277088f6fede9fde88482"
            },
            "dist": {
                "type": "zip",
                "url": "https://api.github.com/repos/vlucas/phpdotenv/zipball/da64796370fc4eb03cc277088f6fede9fde88482",
                "reference": "da64796370fc4eb03cc277088f6fede9fde88482",
                "shasum": ""
            },
            "require": {
                "php": "^5.5.9 || ^7.0 || ^8.0",
                "phpoption/phpoption": "^1.7.3",
                "symfony/polyfill-ctype": "^1.17"
            },
            "require-dev": {
                "bamarni/composer-bin-plugin": "^1.4.1",
                "ext-filter": "*",
                "ext-pcre": "*",
                "phpunit/phpunit": "^4.8.36 || ^5.7.27 || ^6.5.14 || ^7.5.20"
            },
            "suggest": {
                "ext-filter": "Required to use the boolean validator.",
                "ext-pcre": "Required to use most of the library."
            },
            "type": "library",
            "extra": {
                "branch-alias": {
                    "dev-master": "4.1-dev"
                }
            },
            "autoload": {
                "psr-4": {
                    "Dotenv\\": "src/"
                }
            },
            "notification-url": "https://packagist.org/downloads/",
            "license": [
                "BSD-3-Clause"
            ],
            "authors": [
                {
                    "name": "Graham Campbell",
                    "email": "graham@alt-three.com",
                    "homepage": "https://gjcampbell.co.uk/"
                },
                {
                    "name": "Vance Lucas",
                    "email": "vance@vancelucas.com",
                    "homepage": "https://vancelucas.com/"
                }
            ],
            "description": "Loads environment variables from `.env` to `getenv()`, `$_ENV` and `$_SERVER` automagically.",
            "keywords": [
                "dotenv",
                "env",
                "environment"
            ],
            "support": {
                "issues": "https://github.com/vlucas/phpdotenv/issues",
                "source": "https://github.com/vlucas/phpdotenv/tree/v4.2.0"
            },
            "funding": [
                {
                    "url": "https://github.com/GrahamCampbell",
                    "type": "github"
                },
                {
                    "url": "https://tidelift.com/funding/github/packagist/vlucas/phpdotenv",
                    "type": "tidelift"
                }
            ],
            "time": "2021-01-20T15:11:48+00:00"
        },
        {
            "name": "wordpress-plugins-purchased/ninja-forms-addon-manager",
            "version": "3.0.10",
            "source": {
                "type": "git",
                "url": "ssh://git@gits.motionlabclients.co.uk:766/wordpress-plugins-purchased/NinjaFormsAddonManager.git",
                "reference": "9dc79a7e8fd6df26487eafbd508c5478f95f4457"
            },
            "type": "wordpress-plugin",
            "license": [
                "Copyright WP Ninjas, LLC"
            ],
            "description": "Manage the addons installed for Ninja Forms",
            "time": "2019-11-28T09:28:17+00:00"
        },
        {
            "name": "wordpress-plugins-purchased/ninja-forms-core",
            "version": "3.4.30",
            "source": {
                "type": "git",
                "url": "ssh://git@gits.motionlabclients.co.uk:766/wordpress-plugins-purchased/NinjaFormsCore.git",
                "reference": "f4babcf2700268d56a5f00da1c6e85da39bd0d1a"
            },
            "type": "wordpress-plugin",
            "license": [
                "Copyright WP Ninjas, LLC"
            ],
            "description": "Start Building Beautiful WordPress Forms in Minutes, not Hours!",
            "time": "2020-09-23T16:08:15+00:00"
        },
        {
            "name": "wordpress-plugins-purchased/ninja-forms-mailchimp",
            "version": "3.1.11",
            "source": {
                "type": "git",
                "url": "ssh://git@gits.motionlabclients.co.uk:766/wordpress-plugins-purchased/NinjaFormsMailchimp.git",
                "reference": "5161b17edace5bddeeb54ac0cc090077f45ef016"
            },
            "type": "wordpress-plugin",
            "license": [
                "Copyright WP Ninjas, LLC"
            ],
            "description": "Integrate Mailchimp with Ninja Forms",
            "time": "2019-11-28T10:04:03+00:00"
        },
        {
            "name": "wordpress-plugins-purchased/ninja-forms-styles",
            "version": "3.0.28",
            "source": {
                "type": "git",
                "url": "ssh://git@gits.motionlabclients.co.uk:766/wordpress-plugins-purchased/NinjaFormsStyles.git",
                "reference": "c8cf70f49b2b2b3959e67c46c0a29861a5637d2d"
            },
            "type": "wordpress-plugin",
            "license": [
                "Copyright WP Ninjas, LLC"
            ],
            "time": "2019-11-28T11:06:31+00:00"
        },
        {
            "name": "wordpress-plugins-purchased/ninja-forms-uploads",
            "version": "3.2.1",
            "source": {
                "type": "git",
                "url": "ssh://git@gits.motionlabclients.co.uk:766/wordpress-plugins-purchased/NinjaFormsUploads.git",
                "reference": "9a5871c53d23958b11657a334f51c1b1fc72a7ee"
            },
            "type": "wordpress-plugin",
            "license": [
                "Copyright WP Ninjas, LLC"
            ],
            "time": "2019-11-29T15:36:12+00:00"
        },
        {
            "name": "wordpress-plugins-purchased/ninja-forms-zoho",
            "version": "3.4",
            "source": {
                "type": "git",
                "url": "ssh://git@gits.motionlabclients.co.uk:766/wordpress-plugins-purchased/ninja-forms-zoho.git",
                "reference": "1d55c11a7a084f493e70317e1c90037fe64f00dc"
            },
            "type": "wordpress-plugin",
            "license": [
                "Copyright WP Ninjas, LLC"
            ],
            "description": "Integrate Zoho CRM with Ninja Forms",
            "time": "2020-07-20T14:01:54+00:00"
        },
        {
            "name": "wpackagist-plugin/advanced-custom-fields-font-awesome",
            "version": "3.1.1",
            "source": {
                "type": "svn",
                "url": "https://plugins.svn.wordpress.org/advanced-custom-fields-font-awesome/",
                "reference": "trunk"
            },
            "dist": {
                "type": "zip",
                "url": "https://downloads.wordpress.org/plugin/advanced-custom-fields-font-awesome.zip?timestamp=1614391508"
            },
            "require": {
                "composer/installers": "~1.0"
            },
            "type": "wordpress-plugin",
            "homepage": "https://wordpress.org/plugins/advanced-custom-fields-font-awesome/"
        },
        {
            "name": "wpackagist-plugin/advanced-custom-fields-table-field",
            "version": "1.3.12",
            "source": {
                "type": "svn",
                "url": "https://plugins.svn.wordpress.org/advanced-custom-fields-table-field/",
                "reference": "tags/1.3.12"
            },
            "dist": {
                "type": "zip",
                "url": "https://downloads.wordpress.org/plugin/advanced-custom-fields-table-field.1.3.12.zip"
            },
            "require": {
                "composer/installers": "~1.0"
            },
            "type": "wordpress-plugin",
            "homepage": "https://wordpress.org/plugins/advanced-custom-fields-table-field/"
        },
        {
            "name": "wpackagist-plugin/classic-editor",
            "version": "1.6",
            "source": {
                "type": "svn",
                "url": "https://plugins.svn.wordpress.org/classic-editor/",
                "reference": "tags/1.6"
            },
            "dist": {
                "type": "zip",
                "url": "https://downloads.wordpress.org/plugin/classic-editor.1.6.zip"
            },
            "require": {
                "composer/installers": "~1.0"
            },
            "type": "wordpress-plugin",
            "homepage": "https://wordpress.org/plugins/classic-editor/"
        },
        {
            "name": "wpackagist-plugin/cookie-bar",
            "version": "1.8.8",
            "source": {
                "type": "svn",
                "url": "https://plugins.svn.wordpress.org/cookie-bar/",
                "reference": "trunk"
            },
            "dist": {
                "type": "zip",
                "url": "https://downloads.wordpress.org/plugin/cookie-bar.zip?timestamp=1598020244"
            },
            "require": {
                "composer/installers": "~1.0"
            },
            "type": "wordpress-plugin",
            "homepage": "https://wordpress.org/plugins/cookie-bar/"
        },
        {
            "name": "wpackagist-plugin/kraken-image-optimizer",
            "version": "2.6.4",
            "source": {
                "type": "svn",
                "url": "https://plugins.svn.wordpress.org/kraken-image-optimizer/",
                "reference": "tags/2.6.4"
            },
            "dist": {
                "type": "zip",
                "url": "https://downloads.wordpress.org/plugin/kraken-image-optimizer.2.6.4.zip"
            },
            "require": {
                "composer/installers": "~1.0"
            },
            "type": "wordpress-plugin",
            "homepage": "https://wordpress.org/plugins/kraken-image-optimizer/"
        },
        {
            "name": "wpackagist-plugin/megamenu",
            "version": "2.9.3",
            "source": {
                "type": "svn",
                "url": "https://plugins.svn.wordpress.org/megamenu/",
                "reference": "tags/2.9.3"
            },
            "dist": {
                "type": "zip",
                "url": "https://downloads.wordpress.org/plugin/megamenu.2.9.3.zip"
            },
            "require": {
                "composer/installers": "~1.0"
            },
            "type": "wordpress-plugin",
            "homepage": "https://wordpress.org/plugins/megamenu/"
        },
        {
            "name": "wpackagist-plugin/naked-social-share",
            "version": "1.5.2",
            "source": {
                "type": "svn",
                "url": "https://plugins.svn.wordpress.org/naked-social-share/",
                "reference": "tags/1.5.2"
            },
            "dist": {
                "type": "zip",
                "url": "https://downloads.wordpress.org/plugin/naked-social-share.1.5.2.zip"
            },
            "require": {
                "composer/installers": "~1.0"
            },
            "type": "wordpress-plugin",
            "homepage": "https://wordpress.org/plugins/naked-social-share/"
        },
        {
            "name": "wpackagist-plugin/post-duplicator",
            "version": "2.22",
            "source": {
                "type": "svn",
                "url": "https://plugins.svn.wordpress.org/post-duplicator/",
                "reference": "tags/2.22"
            },
            "dist": {
                "type": "zip",
                "url": "https://downloads.wordpress.org/plugin/post-duplicator.2.22.zip"
            },
            "require": {
                "composer/installers": "~1.0"
            },
            "type": "wordpress-plugin",
            "homepage": "https://wordpress.org/plugins/post-duplicator/"
        },
        {
            "name": "wpackagist-plugin/post-smtp",
            "version": "2.0.22",
            "source": {
                "type": "svn",
                "url": "https://plugins.svn.wordpress.org/post-smtp/",
                "reference": "tags/2.0.22"
            },
            "dist": {
                "type": "zip",
                "url": "https://downloads.wordpress.org/plugin/post-smtp.2.0.22.zip"
            },
            "require": {
                "composer/installers": "~1.0"
            },
            "type": "wordpress-plugin",
            "homepage": "https://wordpress.org/plugins/post-smtp/"
        },
        {
            "name": "wpackagist-plugin/redirection",
            "version": "4.9.2",
            "source": {
                "type": "svn",
                "url": "https://plugins.svn.wordpress.org/redirection/",
                "reference": "tags/4.9.2"
            },
            "dist": {
                "type": "zip",
                "url": "https://downloads.wordpress.org/plugin/redirection.4.9.2.zip"
            },
            "require": {
                "composer/installers": "~1.0"
            },
            "type": "wordpress-plugin",
            "homepage": "https://wordpress.org/plugins/redirection/"
        },
        {
            "name": "wpackagist-plugin/regenerate-thumbnails-advanced",
            "version": "2.4.0",
            "source": {
                "type": "svn",
                "url": "https://plugins.svn.wordpress.org/regenerate-thumbnails-advanced/",
                "reference": "tags/2.4.0"
            },
            "dist": {
                "type": "zip",
                "url": "https://downloads.wordpress.org/plugin/regenerate-thumbnails-advanced.2.4.0.zip"
            },
            "require": {
                "composer/installers": "~1.0"
            },
            "type": "wordpress-plugin",
            "homepage": "https://wordpress.org/plugins/regenerate-thumbnails-advanced/"
        },
        {
            "name": "wpackagist-plugin/seo-by-rank-math",
            "version": "1.0.60.1",
            "source": {
                "type": "svn",
                "url": "https://plugins.svn.wordpress.org/seo-by-rank-math/",
                "reference": "tags/1.0.60.1"
            },
            "dist": {
                "type": "zip",
                "url": "https://downloads.wordpress.org/plugin/seo-by-rank-math.1.0.60.1.zip"
            },
            "require": {
                "composer/installers": "~1.0"
            },
            "type": "wordpress-plugin",
            "homepage": "https://wordpress.org/plugins/seo-by-rank-math/"
        },
        {
            "name": "wpackagist-plugin/w3-total-cache",
            "version": "0.10.2",
            "source": {
                "type": "svn",
                "url": "https://plugins.svn.wordpress.org/w3-total-cache/",
                "reference": "tags/0.10.2"
            },
            "dist": {
                "type": "zip",
                "url": "https://downloads.wordpress.org/plugin/w3-total-cache.0.10.2.zip"
            },
            "require": {
                "composer/installers": "~1.0"
            },
            "type": "wordpress-plugin",
            "homepage": "https://wordpress.org/plugins/w3-total-cache/"
        },
        {
            "name": "wpackagist-plugin/wordfence",
            "version": "7.4.14",
            "source": {
                "type": "svn",
                "url": "https://plugins.svn.wordpress.org/wordfence/",
                "reference": "tags/7.4.14"
            },
            "dist": {
                "type": "zip",
                "url": "https://downloads.wordpress.org/plugin/wordfence.7.4.14.zip"
            },
            "require": {
                "composer/installers": "~1.0"
            },
            "type": "wordpress-plugin",
            "homepage": "https://wordpress.org/plugins/wordfence/"
        },
        {
            "name": "wpackagist-plugin/wordpress-importer",
            "version": "0.6.4",
            "source": {
                "type": "svn",
                "url": "https://plugins.svn.wordpress.org/wordpress-importer/",
                "reference": "tags/0.6.4"
            },
            "dist": {
                "type": "zip",
                "url": "https://downloads.wordpress.org/plugin/wordpress-importer.0.6.4.zip"
            },
            "require": {
                "composer/installers": "~1.0"
            },
            "type": "wordpress-plugin",
            "homepage": "https://wordpress.org/plugins/wordpress-importer/"
        },
        {
            "name": "wpackagist-plugin/wp-security-audit-log",
            "version": "4.0.0",
            "source": {
                "type": "svn",
                "url": "https://plugins.svn.wordpress.org/wp-security-audit-log/",
                "reference": "tags/4.0.0"
            },
            "dist": {
                "type": "zip",
                "url": "https://downloads.wordpress.org/plugin/wp-security-audit-log.4.0.0.zip"
            },
            "require": {
                "composer/installers": "~1.0"
            },
            "type": "wordpress-plugin",
            "homepage": "https://wordpress.org/plugins/wp-security-audit-log/"
        },
        {
            "name": "wpackagist-plugin/wp-updates-notifier",
            "version": "1.6.0",
            "source": {
                "type": "svn",
                "url": "https://plugins.svn.wordpress.org/wp-updates-notifier/",
                "reference": "trunk"
            },
            "dist": {
                "type": "zip",
                "url": "https://downloads.wordpress.org/plugin/wp-updates-notifier.zip?timestamp=1581693159"
            },
            "require": {
                "composer/installers": "~1.0"
            },
            "type": "wordpress-plugin",
            "homepage": "https://wordpress.org/plugins/wp-updates-notifier/"
        }
    ],
    "packages-dev": [],
    "aliases": [],
    "minimum-stability": "stable",
    "stability-flags": [],
    "prefer-stable": false,
    "prefer-lowest": false,
    "platform": [],
    "platform-dev": [],
    "plugin-api-version": "2.0.0"
}
